
Microsoft Visual Studio Solution File, Format Version 12.00
# Visual Studio Version 17
VisualStudioVersion = 17.0.31903.59
MinimumVisualStudioVersion = 10.0.40219.1
Project("{2150E333-8FDC-42A3-9474-1A3956D46DE8}") = "src", "src", "{B767FB74-F123-4ADC-B028-884AE1592D70}"
EndProject
Project("{FAE04EC0-301F-11D3-BF4B-00C04F79EFBC}") = "Ehsms.Api", "src\Api\Ehsms.Api.csproj", "{A156C26C-B4FC-4D76-AD61-C435A5691136}"
EndProject
Project("{FAE04EC0-301F-11D3-BF4B-00C04F79EFBC}") = "Ehsms.Worker", "src\Worker\Ehsms.Worker.csproj", "{5A84F439-8020-42FB-AC45-790F32320FA1}"
EndProject
Project("{FAE04EC0-301F-11D3-BF4B-00C04F79EFBC}") = "Ehsms.BuildingBlocks", "src\BuildingBlocks\Ehsms.BuildingBlocks.csproj", "{980C0C87-0A35-49CC-BC3B-0A58AF9A0924}"
EndProject
Project("{2150E333-8FDC-42A3-9474-1A3956D46DE8}") = "Modules", "Modules", "{080D1AA0-1E24-4B46-90D5-5925E9988FFA}"
EndProject
Project("{2150E333-8FDC-42A3-9474-1A3956D46DE8}") = "Identity", "Identity", "{C19829D5-2AA4-45C9-B756-BE0ED5C159F7}"
EndProject
Project("{FAE04EC0-301F-11D3-BF4B-00C04F79EFBC}") = "Ehsms.Modules.Identity.Application", "src\Modules\Identity\Application\Ehsms.Modules.Identity.Application.csproj", "{B974C860-91B8-4696-8328-67519B171243}"
EndProject
Project("{FAE04EC0-301F-11D3-BF4B-00C04F79EFBC}") = "Ehsms.Modules.Identity.Contracts", "src\Modules\Identity\Contracts\Ehsms.Modules.Identity.Contracts.csproj", "{B6A7118E-7AD9-46BF-9E4C-45766ECEC08F}"
EndProject
Project("{FAE04EC0-301F-11D3-BF4B-00C04F79EFBC}") = "Ehsms.Modules.Identity.Domain", "src\Modules\Identity\Domain\Ehsms.Modules.Identity.Domain.csproj", "{3CE7FD8A-6EAD-47F8-9B45-6A19FE3585FD}"
EndProject
Project("{FAE04EC0-301F-11D3-BF4B-00C04F79EFBC}") = "Ehsms.Modules.Identity.Infrastructure", "src\Modules\Identity\Infrastructure\Ehsms.Modules.Identity.Infrastructure.csproj", "{15DF2EAE-1B95-43F7-BE32-33DAFF715466}"
EndProject
Project("{2150E333-8FDC-42A3-9474-1A3956D46DE8}") = "Organisation", "Organisation", "{0967811A-33A8-4D5E-A788-266B8B6D6EB8}"
EndProject
Project("{FAE04EC0-301F-11D3-BF4B-00C04F79EFBC}") = "Ehsms.Modules.Organisation.Application", "src\Modules\Organisation\Application\Ehsms.Modules.Organisation.Application.csproj", "{B9A4348D-4468-409F-95C2-DAFEC0ECAF99}"
EndProject
Project("{FAE04EC0-301F-11D3-BF4B-00C04F79EFBC}") = "Ehsms.Modules.Organisation.Contracts", "src\Modules\Organisation\Contracts\Ehsms.Modules.Organisation.Contracts.csproj", "{8F20D5ED-5395-4D7E-B9BA-844F92065AED}"
EndProject
Project("{FAE04EC0-301F-11D3-BF4B-00C04F79EFBC}") = "Ehsms.Modules.Organisation.Domain", "src\Modules\Organisation\Domain\Ehsms.Modules.Organisation.Domain.csproj", "{1149AB62-6D29-4F78-BF7A-FCE289775A20}"
EndProject
Project("{FAE04EC0-301F-11D3-BF4B-00C04F79EFBC}") = "Ehsms.Modules.Organisation.Infrastructure", "src\Modules\Organisation\Infrastructure\Ehsms.Modules.Organisation.Infrastructure.csproj", "{593233C8-DA89-45FB-8D10-F306785BC065}"
EndProject
Project("{2150E333-8FDC-42A3-9474-1A3956D46DE8}") = "Platform", "Platform", "{5AB5C260-63E3-4995-B15F-E84BD8DD18A1}"
EndProject
Project("{FAE04EC0-301F-11D3-BF4B-00C04F79EFBC}") = "Ehsms.Modules.Platform.Application", "src\Modules\Platform\Application\Ehsms.Modules.Platform.Application.csproj", "{47EB8DE5-3A31-4565-8476-74416B588C49}"
EndProject
Project("{FAE04EC0-301F-11D3-BF4B-00C04F79EFBC}") = "Ehsms.Modules.Platform.Contracts", "src\Modules\Platform\Contracts\Ehsms.Modules.Platform.Contracts.csproj", "{104F8E94-20A2-4084-8D17-ECB90A563CEF}"
EndProject
Project("{FAE04EC0-301F-11D3-BF4B-00C04F79EFBC}") = "Ehsms.Modules.Platform.Domain", "src\Modules\Platform\Domain\Ehsms.Modules.Platform.Domain.csproj", "{A027215F-6A7A-4C14-BB4B-00F384F23E5C}"
EndProject
Project("{FAE04EC0-301F-11D3-BF4B-00C04F79EFBC}") = "Ehsms.Modules.Platform.Infrastructure", "src\Modules\Platform\Infrastructure\Ehsms.Modules.Platform.Infrastructure.csproj", "{8F94E44B-034B-451F-A22E-D7C496F47567}"
EndProject
Project("{2150E333-8FDC-42A3-9474-1A3956D46DE8}") = "Saas", "Saas", "{46AF23E3-A333-483F-882B-173449246D48}"
EndProject
Project("{FAE04EC0-301F-11D3-BF4B-00C04F79EFBC}") = "Ehsms.Modules.Saas.Application", "src\Modules\Saas\Application\Ehsms.Modules.Saas.Application.csproj", "{9810CF87-02EA-46A1-8280-400555186BE0}"
EndProject
Project("{FAE04EC0-301F-11D3-BF4B-00C04F79EFBC}") = "Ehsms.Modules.Saas.Contracts", "src\Modules\Saas\Contracts\Ehsms.Modules.Saas.Contracts.csproj", "{4D6C243B-3B7F-40B1-BC28-F633EF4F5462}"
EndProject
Project("{FAE04EC0-301F-11D3-BF4B-00C04F79EFBC}") = "Ehsms.Modules.Saas.Domain", "src\Modules\Saas\Domain\Ehsms.Modules.Saas.Domain.csproj", "{C1CE813E-C543-4A5D-A358-D556542F6B30}"
EndProject
Project("{FAE04EC0-301F-11D3-BF4B-00C04F79EFBC}") = "Ehsms.Modules.Saas.Infrastructure", "src\Modules\Saas\Infrastructure\Ehsms.Modules.Saas.Infrastructure.csproj", "{5979B7EE-F9C0-4402-ACF3-5C6AA7BF5F60}"
EndProject
Project("{2150E333-8FDC-42A3-9474-1A3956D46DE8}") = "tests", "tests", "{74FBD0B2-95CB-45A0-98CC-D0D9037BE25B}"
EndProject
Project("{FAE04EC0-301F-11D3-BF4B-00C04F79EFBC}") = "Ehsms.ArchitectureTests", "tests\architecture\Ehsms.ArchitectureTests.csproj", "{F70C3E95-E9FC-457B-BE8D-5C8E2AAD3F32}"
EndProject
Project("{FAE04EC0-301F-11D3-BF4B-00C04F79EFBC}") = "Ehsms.Api.IntegrationTests", "tests\integration\Ehsms.Api.IntegrationTests.csproj", "{9E4BA1F9-7D2B-4A49-9BB2-0E2E0CAAAD95}"
EndProject
Project("{FAE04EC0-301F-11D3-BF4B-00C04F79EFBC}") = "Ehsms.UnitTests", "tests\unit\Ehsms.UnitTests.csproj", "{EAAB1144-7254-4402-90EA-DA413EF7287C}"
EndProject
Project("{FAE04EC0-301F-11D3-BF4B-00C04F79EFBC}") = "Ehsms.DatabaseTests", "tests\database\Ehsms.DatabaseTests.csproj", "{CA5FCC10-E19C-4F5D-B46E-7B274D32CF98}"
EndProject
Global
	GlobalSection(SolutionConfigurationPlatforms) = preSolution
		Debug|Any CPU = Debug|Any CPU
		Release|Any CPU = Release|Any CPU
	EndGlobalSection
	GlobalSection(SolutionProperties) = preSolution
		HideSolutionNode = FALSE
	EndGlobalSection
	GlobalSection(ProjectConfigurationPlatforms) = postSolution
		{A156C26C-B4FC-4D76-AD61-C435A5691136}.Debug|Any CPU.ActiveCfg = Debug|Any CPU
		{A156C26C-B4FC-4D76-AD61-C435A5691136}.Debug|Any CPU.Build.0 = Debug|Any CPU
		{A156C26C-B4FC-4D76-AD61-C435A5691136}.Release|Any CPU.ActiveCfg = Release|Any CPU
		{A156C26C-B4FC-4D76-AD61-C435A5691136}.Release|Any CPU.Build.0 = Release|Any CPU
		{5A84F439-8020-42FB-AC45-790F32320FA1}.Debug|Any CPU.ActiveCfg = Debug|Any CPU
		{5A84F439-8020-42FB-AC45-790F32320FA1}.Debug|Any CPU.Build.0 = Debug|Any CPU
		{5A84F439-8020-42FB-AC45-790F32320FA1}.Release|Any CPU.ActiveCfg = Release|Any CPU
		{5A84F439-8020-42FB-AC45-790F32320FA1}.Release|Any CPU.Build.0 = Release|Any CPU
		{980C0C87-0A35-49CC-BC3B-0A58AF9A0924}.Debug|Any CPU.ActiveCfg = Debug|Any CPU
		{980C0C87-0A35-49CC-BC3B-0A58AF9A0924}.Debug|Any CPU.Build.0 = Debug|Any CPU
		{980C0C87-0A35-49CC-BC3B-0A58AF9A0924}.Release|Any CPU.ActiveCfg = Release|Any CPU
		{980C0C87-0A35-49CC-BC3B-0A58AF9A0924}.Release|Any CPU.Build.0 = Release|Any CPU
		{B974C860-91B8-4696-8328-67519B171243}.Debug|Any CPU.ActiveCfg = Debug|Any CPU
		{B974C860-91B8-4696-8328-67519B171243}.Debug|Any CPU.Build.0 = Debug|Any CPU
		{B974C860-91B8-4696-8328-67519B171243}.Release|Any CPU.ActiveCfg = Release|Any CPU
		{B974C860-91B8-4696-8328-67519B171243}.Release|Any CPU.Build.0 = Release|Any CPU
		{B6A7118E-7AD9-46BF-9E4C-45766ECEC08F}.Debug|Any CPU.ActiveCfg = Debug|Any CPU
		{B6A7118E-7AD9-46BF-9E4C-45766ECEC08F}.Debug|Any CPU.Build.0 = Debug|Any CPU
		{B6A7118E-7AD9-46BF-9E4C-45766ECEC08F}.Release|Any CPU.ActiveCfg = Release|Any CPU
		{B6A7118E-7AD9-46BF-9E4C-45766ECEC08F}.Release|Any CPU.Build.0 = Release|Any CPU
		{3CE7FD8A-6EAD-47F8-9B45-6A19FE3585FD}.Debug|Any CPU.ActiveCfg = Debug|Any CPU
		{3CE7FD8A-6EAD-47F8-9B45-6A19FE3585FD}.Debug|Any CPU.Build.0 = Debug|Any CPU
		{3CE7FD8A-6EAD-47F8-9B45-6A19FE3585FD}.Release|Any CPU.ActiveCfg = Release|Any CPU
		{3CE7FD8A-6EAD-47F8-9B45-6A19FE3585FD}.Release|Any CPU.Build.0 = Release|Any CPU
		{15DF2EAE-1B95-43F7-BE32-33DAFF715466}.Debug|Any CPU.ActiveCfg = Debug|Any CPU
		{15DF2EAE-1B95-43F7-BE32-33DAFF715466}.Debug|Any CPU.Build.0 = Debug|Any CPU
		{15DF2EAE-1B95-43F7-BE32-33DAFF715466}.Release|Any CPU.ActiveCfg = Release|Any CPU
		{15DF2EAE-1B95-43F7-BE32-33DAFF715466}.Release|Any CPU.Build.0 = Release|Any CPU
		{B9A4348D-4468-409F-95C2-DAFEC0ECAF99}.Debug|Any CPU.ActiveCfg = Debug|Any CPU
		{B9A4348D-4468-409F-95C2-DAFEC0ECAF99}.Debug|Any CPU.Build.0 = Debug|Any CPU
		{B9A4348D-4468-409F-95C2-DAFEC0ECAF99}.Release|Any CPU.ActiveCfg = Release|Any CPU
		{B9A4348D-4468-409F-95C2-DAFEC0ECAF99}.Release|Any CPU.Build.0 = Release|Any CPU
		{8F20D5ED-5395-4D7E-B9BA-844F92065AED}.Debug|Any CPU.ActiveCfg = Debug|Any CPU
		{8F20D5ED-5395-4D7E-B9BA-844F92065AED}.Debug|Any CPU.Build.0 = Debug|Any CPU
		{8F20D5ED-5395-4D7E-B9BA-844F92065AED}.Release|Any CPU.ActiveCfg = Release|Any CPU
		{8F20D5ED-5395-4D7E-B9BA-844F92065AED}.Release|Any CPU.Build.0 = Release|Any CPU
		{1149AB62-6D29-4F78-BF7A-FCE289775A20}.Debug|Any CPU.ActiveCfg = Debug|Any CPU
		{1149AB62-6D29-4F78-BF7A-FCE289775A20}.Debug|Any CPU.Build.0 = Debug|Any CPU
		{1149AB62-6D29-4F78-BF7A-FCE289775A20}.Release|Any CPU.ActiveCfg = Release|Any CPU
		{1149AB62-6D29-4F78-BF7A-FCE289775A20}.Release|Any CPU.Build.0 = Release|Any CPU
		{593233C8-DA89-45FB-8D10-F306785BC065}.Debug|Any CPU.ActiveCfg = Debug|Any CPU
		{593233C8-DA89-45FB-8D10-F306785BC065}.Debug|Any CPU.Build.0 = Debug|Any CPU
		{593233C8-DA89-45FB-8D10-F306785BC065}.Release|Any CPU.ActiveCfg = Release|Any CPU
		{593233C8-DA89-45FB-8D10-F306785BC065}.Release|Any CPU.Build.0 = Release|Any CPU
		{47EB8DE5-3A31-4565-8476-74416B588C49}.Debug|Any CPU.ActiveCfg = Debug|Any CPU
		{47EB8DE5-3A31-4565-8476-74416B588C49}.Debug|Any CPU.Build.0 = Debug|Any CPU
		{47EB8DE5-3A31-4565-8476-74416B588C49}.Release|Any CPU.ActiveCfg = Release|Any CPU
		{47EB8DE5-3A31-4565-8476-74416B588C49}.Release|Any CPU.Build.0 = Release|Any CPU
		{104F8E94-20A2-4084-8D17-ECB90A563CEF}.Debug|Any CPU.ActiveCfg = Debug|Any CPU
		{104F8E94-20A2-4084-8D17-ECB90A563CEF}.Debug|Any CPU.Build.0 = Debug|Any CPU
		{104F8E94-20A2-4084-8D17-ECB90A563CEF}.Release|Any CPU.ActiveCfg = Release|Any CPU
		{104F8E94-20A2-4084-8D17-ECB90A563CEF}.Release|Any CPU.Build.0 = Release|Any CPU
		{A027215F-6A7A-4C14-BB4B-00F384F23E5C}.Debug|Any CPU.ActiveCfg = Debug|Any CPU
		{A027215F-6A7A-4C14-BB4B-00F384F23E5C}.Debug|Any CPU.Build.0 = Debug|Any CPU
		{A027215F-6A7A-4C14-BB4B-00F384F23E5C}.Release|Any CPU.ActiveCfg = Release|Any CPU
		{A027215F-6A7A-4C14-BB4B-00F384F23E5C}.Release|Any CPU.Build.0 = Release|Any CPU
		{8F94E44B-034B-451F-A22E-D7C496F47567}.Debug|Any CPU.ActiveCfg = Debug|Any CPU
		{8F94E44B-034B-451F-A22E-D7C496F47567}.Debug|Any CPU.Build.0 = Debug|Any CPU
		{8F94E44B-034B-451F-A22E-D7C496F47567}.Release|Any CPU.ActiveCfg = Release|Any CPU
		{8F94E44B-034B-451F-A22E-D7C496F47567}.Release|Any CPU.Build.0 = Release|Any CPU
		{9810CF87-02EA-46A1-8280-400555186BE0}.Debug|Any CPU.ActiveCfg = Debug|Any CPU
		{9810CF87-02EA-46A1-8280-400555186BE0}.Debug|Any CPU.Build.0 = Debug|Any CPU
		{9810CF87-02EA-46A1-8280-400555186BE0}.Release|Any CPU.ActiveCfg = Release|Any CPU
		{9810CF87-02EA-46A1-8280-400555186BE0}.Release|Any CPU.Build.0 = Release|Any CPU
		{4D6C243B-3B7F-40B1-BC28-F633EF4F5462}.Debug|Any CPU.ActiveCfg = Debug|Any CPU
		{4D6C243B-3B7F-40B1-BC28-F633EF4F5462}.Debug|Any CPU.Build.0 = Debug|Any CPU
		{4D6C243B-3B7F-40B1-BC28-F633EF4F5462}.Release|Any CPU.ActiveCfg = Release|Any CPU
		{4D6C243B-3B7F-40B1-BC28-F633EF4F5462}.Release|Any CPU.Build.0 = Release|Any CPU
		{C1CE813E-C543-4A5D-A358-D556542F6B30}.Debug|Any CPU.ActiveCfg = Debug|Any CPU
		{C1CE813E-C543-4A5D-A358-D556542F6B30}.Debug|Any CPU.Build.0 = Debug|Any CPU
		{C1CE813E-C543-4A5D-A358-D556542F6B30}.Release|Any CPU.ActiveCfg = Release|Any CPU
		{C1CE813E-C543-4A5D-A358-D556542F6B30}.Release|Any CPU.Build.0 = Release|Any CPU
		{5979B7EE-F9C0-4402-ACF3-5C6AA7BF5F60}.Debug|Any CPU.ActiveCfg = Debug|Any CPU
		{5979B7EE-F9C0-4402-ACF3-5C6AA7BF5F60}.Debug|Any CPU.Build.0 = Debug|Any CPU
		{5979B7EE-F9C0-4402-ACF3-5C6AA7BF5F60}.Release|Any CPU.ActiveCfg = Release|Any CPU
		{5979B7EE-F9C0-4402-ACF3-5C6AA7BF5F60}.Release|Any CPU.Build.0 = Release|Any CPU
		{F70C3E95-E9FC-457B-BE8D-5C8E2AAD3F32}.Debug|Any CPU.ActiveCfg = Debug|Any CPU
		{F70C3E95-E9FC-457B-BE8D-5C8E2AAD3F32}.Debug|Any CPU.Build.0 = Debug|Any CPU
		{F70C3E95-E9FC-457B-BE8D-5C8E2AAD3F32}.Release|Any CPU.ActiveCfg = Release|Any CPU
		{F70C3E95-E9FC-457B-BE8D-5C8E2AAD3F32}.Release|Any CPU.Build.0 = Release|Any CPU
		{9E4BA1F9-7D2B-4A49-9BB2-0E2E0CAAAD95}.Debug|Any CPU.ActiveCfg = Debug|Any CPU
		{9E4BA1F9-7D2B-4A49-9BB2-0E2E0CAAAD95}.Debug|Any CPU.Build.0 = Debug|Any CPU
		{9E4BA1F9-7D2B-4A49-9BB2-0E2E0CAAAD95}.Release|Any CPU.ActiveCfg = Release|Any CPU
		{9E4BA1F9-7D2B-4A49-9BB2-0E2E0CAAAD95}.Release|Any CPU.Build.0 = Release|Any CPU
		{EAAB1144-7254-4402-90EA-DA413EF7287C}.Debug|Any CPU.ActiveCfg = Debug|Any CPU
		{EAAB1144-7254-4402-90EA-DA413EF7287C}.Debug|Any CPU.Build.0 = Debug|Any CPU
		{EAAB1144-7254-4402-90EA-DA413EF7287C}.Release|Any CPU.ActiveCfg = Release|Any CPU
		{EAAB1144-7254-4402-90EA-DA413EF7287C}.Release|Any CPU.Build.0 = Release|Any CPU
		{CA5FCC10-E19C-4F5D-B46E-7B274D32CF98}.Debug|Any CPU.ActiveCfg = Debug|Any CPU
		{CA5FCC10-E19C-4F5D-B46E-7B274D32CF98}.Debug|Any CPU.Build.0 = Debug|Any CPU
		{CA5FCC10-E19C-4F5D-B46E-7B274D32CF98}.Release|Any CPU.ActiveCfg = Release|Any CPU
		{CA5FCC10-E19C-4F5D-B46E-7B274D32CF98}.Release|Any CPU.Build.0 = Release|Any CPU
	EndGlobalSection
	GlobalSection(NestedProjects) = preSolution
		{A156C26C-B4FC-4D76-AD61-C435A5691136} = {B767FB74-F123-4ADC-B028-884AE1592D70}
		{5A84F439-8020-42FB-AC45-790F32320FA1} = {B767FB74-F123-4ADC-B028-884AE1592D70}
		{980C0C87-0A35-49CC-BC3B-0A58AF9A0924} = {B767FB74-F123-4ADC-B028-884AE1592D70}
		{080D1AA0-1E24-4B46-90D5-5925E9988FFA} = {B767FB74-F123-4ADC-B028-884AE1592D70}
		{C19829D5-2AA4-45C9-B756-BE0ED5C159F7} = {080D1AA0-1E24-4B46-90D5-5925E9988FFA}
		{B974C860-91B8-4696-8328-67519B171243} = {C19829D5-2AA4-45C9-B756-BE0ED5C159F7}
		{B6A7118E-7AD9-46BF-9E4C-45766ECEC08F} = {C19829D5-2AA4-45C9-B756-BE0ED5C159F7}
		{3CE7FD8A-6EAD-47F8-9B45-6A19FE3585FD} = {C19829D5-2AA4-45C9-B756-BE0ED5C159F7}
		{15DF2EAE-1B95-43F7-BE32-33DAFF715466} = {C19829D5-2AA4-45C9-B756-BE0ED5C159F7}
		{0967811A-33A8-4D5E-A788-266B8B6D6EB8} = {080D1AA0-1E24-4B46-90D5-5925E9988FFA}
		{B9A4348D-4468-409F-95C2-DAFEC0ECAF99} = {0967811A-33A8-4D5E-A788-266B8B6D6EB8}
		{8F20D5ED-5395-4D7E-B9BA-844F92065AED} = {0967811A-33A8-4D5E-A788-266B8B6D6EB8}
		{1149AB62-6D29-4F78-BF7A-FCE289775A20} = {0967811A-33A8-4D5E-A788-266B8B6D6EB8}
		{593233C8-DA89-45FB-8D10-F306785BC065} = {0967811A-33A8-4D5E-A788-266B8B6D6EB8}
		{5AB5C260-63E3-4995-B15F-E84BD8DD18A1} = {080D1AA0-1E24-4B46-90D5-5925E9988FFA}
		{47EB8DE5-3A31-4565-8476-74416B588C49} = {5AB5C260-63E3-4995-B15F-E84BD8DD18A1}
		{104F8E94-20A2-4084-8D17-ECB90A563CEF} = {5AB5C260-63E3-4995-B15F-E84BD8DD18A1}
		{A027215F-6A7A-4C14-BB4B-00F384F23E5C} = {5AB5C260-63E3-4995-B15F-E84BD8DD18A1}
		{8F94E44B-034B-451F-A22E-D7C496F47567} = {5AB5C260-63E3-4995-B15F-E84BD8DD18A1}
		{46AF23E3-A333-483F-882B-173449246D48} = {080D1AA0-1E24-4B46-90D5-5925E9988FFA}
		{9810CF87-02EA-46A1-8280-400555186BE0} = {46AF23E3-A333-483F-882B-173449246D48}
		{4D6C243B-3B7F-40B1-BC28-F633EF4F5462} = {46AF23E3-A333-483F-882B-173449246D48}
		{C1CE813E-C543-4A5D-A358-D556542F6B30} = {46AF23E3-A333-483F-882B-173449246D48}
		{5979B7EE-F9C0-4402-ACF3-5C6AA7BF5F60} = {46AF23E3-A333-483F-882B-173449246D48}
		{F70C3E95-E9FC-457B-BE8D-5C8E2AAD3F32} = {74FBD0B2-95CB-45A0-98CC-D0D9037BE25B}
		{9E4BA1F9-7D2B-4A49-9BB2-0E2E0CAAAD95} = {74FBD0B2-95CB-45A0-98CC-D0D9037BE25B}
		{EAAB1144-7254-4402-90EA-DA413EF7287C} = {74FBD0B2-95CB-45A0-98CC-D0D9037BE25B}
		{CA5FCC10-E19C-4F5D-B46E-7B274D32CF98} = {74FBD0B2-95CB-45A0-98CC-D0D9037BE25B}
	EndGlobalSection
EndGlobal
