{
  "version": 2,
  "dependencies": {
    "net8.0": {
      "ehsms.buildingblocks": {
        "type": "Project"
      },
      "ehsms.modules.platform.contracts": {
        "type": "Project"
      },
      "ehsms.modules.platform.domain": {
        "type": "Project",
        "dependencies": {
          "Ehsms.BuildingBlocks": "[1.0.0, )"
        }
      }
    }
  }
}